
Microsoft Visual Studio Solution File, Format Version 12.00
# Visual Studio Version 17
VisualStudioVersion = 17.6.33815.320
MinimumVisualStudioVersion = 10.0.40219.1
Project("{FAE04EC0-301F-11D3-BF4B-00C04F79EFBC}") = "Customer.API", "Customer.API\Customer.API.csproj", "{966C0F70-7A6F-472F-8915-C1E9EB803AB9}"
EndProject
Project("{FAE04EC0-301F-11D3-BF4B-00C04F79EFBC}") = "Customer.API.Tests", "Customer.API.Tests\Customer.API.Tests.csproj", "{58512B37-9F58-42FF-803B-7341F274D7DE}"
EndProject
Global
	GlobalSection(SolutionConfigurationPlatforms) = preSolution
		Debug|Any CPU = Debug|Any CPU
		Release|Any CPU = Release|Any CPU
	EndGlobalSection
	GlobalSection(ProjectConfigurationPlatforms) = postSolution
		{966C0F70-7A6F-472F-8915-C1E9EB803AB9}.Debug|Any CPU.ActiveCfg = Debug|Any CPU
		{966C0F70-7A6F-472F-8915-C1E9EB803AB9}.Debug|Any CPU.Build.0 = Debug|Any CPU
		{966C0F70-7A6F-472F-8915-C1E9EB803AB9}.Release|Any CPU.ActiveCfg = Release|Any CPU
		{966C0F70-7A6F-472F-8915-C1E9EB803AB9}.Release|Any CPU.Build.0 = Release|Any CPU
		{58512B37-9F58-42FF-803B-7341F274D7DE}.Debug|Any CPU.ActiveCfg = Debug|Any CPU
		{58512B37-9F58-42FF-803B-7341F274D7DE}.Debug|Any CPU.Build.0 = Debug|Any CPU
		{58512B37-9F58-42FF-803B-7341F274D7DE}.Release|Any CPU.ActiveCfg = Release|Any CPU
		{58512B37-9F58-42FF-803B-7341F274D7DE}.Release|Any CPU.Build.0 = Release|Any CPU
	EndGlobalSection
	GlobalSection(SolutionProperties) = preSolution
		HideSolutionNode = FALSE
	EndGlobalSection
	GlobalSection(ExtensibilityGlobals) = postSolution
		SolutionGuid = {CC57CAE7-5D7B-4C84-9230-C390B79580B7}
	EndGlobalSection
EndGlobal
